// !$*UTF8*$!
{
	archiveVersion = 1;
	classes = {
	};
	objectVersion = 50;
	objects = {

/* Begin PBXBuildFile section */
		18EA94EE22C3C51900095B6A /* AppDelegate.swift in Sources */ = {isa = PBXBuildFile; fileRef = 18EA94ED22C3C51900095B6A /* AppDelegate.swift */; };
		18EA94F022C3C51900095B6A /* ViewController.swift in Sources */ = {isa = PBXBuildFile; fileRef = 18EA94EF22C3C51900095B6A /* ViewController.swift */; };
		18EA94F322C3C51900095B6A /* Main.storyboard in Resources */ = {isa = PBXBuildFile; fileRef = 18EA94F122C3C51900095B6A /* Main.storyboard */; };
		18EA94F622C3C51900095B6A /* finalProject.xcdatamodeld in Sources */ = {isa = PBXBuildFile; fileRef = 18EA94F422C3C51900095B6A /* finalProject.xcdatamodeld */; };
		18EA94F822C3C51A00095B6A /* Assets.xcassets in Resources */ = {isa = PBXBuildFile; fileRef = 18EA94F722C3C51A00095B6A /* Assets.xcassets */; };
		18EA94FB22C3C51A00095B6A /* LaunchScreen.storyboard in Resources */ = {isa = PBXBuildFile; fileRef = 18EA94F922C3C51A00095B6A /* LaunchScreen.storyboard */; };
		18EA950622C3C51A00095B6A /* finalProjectTests.swift in Sources */ = {isa = PBXBuildFile; fileRef = 18EA950522C3C51A00095B6A /* finalProjectTests.swift */; };
		18EA951122C3C51A00095B6A /* finalProjectUITests.swift in Sources */ = {isa = PBXBuildFile; fileRef = 18EA951022C3C51A00095B6A /* finalProjectUITests.swift */; };
		18EA952122C5027C00095B6A /* FactViewController.swift in Sources */ = {isa = PBXBuildFile; fileRef = 18EA952022C5027C00095B6A /* FactViewController.swift */; };
		18EA952522C5048000095B6A /* WebsiteViewController.swift in Sources */ = {isa = PBXBuildFile; fileRef = 18EA952422C5048000095B6A /* WebsiteViewController.swift */; };
/* End PBXBuildFile section */

/* Begin PBXContainerItemProxy section */
		18EA950222C3C51A00095B6A /* PBXContainerItemProxy */ = {
			isa = PBXContainerItemProxy;
			containerPortal = 18EA94E222C3C51900095B6A /* Project object */;
			proxyType = 1;
			remoteGlobalIDString = 18EA94E922C3C51900095B6A;
			remoteInfo = finalProject;
		};
		18EA950D22C3C51A00095B6A /* PBXContainerItemProxy */ = {
			isa = PBXContainerItemProxy;
			containerPortal = 18EA94E222C3C51900095B6A /* Project object */;
			proxyType = 1;
			remoteGlobalIDString = 18EA94E922C3C51900095B6A;
			remoteInfo = finalProject;
		};
/* End PBXContainerItemProxy section */

/* Begin PBXFileReference section */
		18EA94EA22C3C51900095B6A /* finalProject.app */ = {isa = PBXFileReference; explicitFileType = wrapper.application; includeInIndex = 0; path = finalProject.app; sourceTree = BUILT_PRODUCTS_DIR; };
		18EA94ED22C3C51900095B6A /* AppDelegate.swift */ = {isa = PBXFileReference; lastKnownFileType = sourcecode.swift; path = AppDelegate.swift; sourceTree = "<group>"; };
		18EA94EF22C3C51900095B6A /* ViewController.swift */ = {isa = PBXFileReference; lastKnownFileType = sourcecode.swift; path = ViewController.swift; sourceTree = "<group>"; };
		18EA94F222C3C51900095B6A /* Base */ = {isa = PBXFileReference; lastKnownFileType = file.storyboard; name = Base; path = Base.lproj/Main.storyboard; sourceTree = "<group>"; };
		18EA94F522C3C51900095B6A /* finalProject.xcdatamodel */ = {isa = PBXFileReference; lastKnownFileType = wrapper.xcdatamodel; path = finalProject.xcdatamodel; sourceTree = "<group>"; };
		18EA94F722C3C51A00095B6A /* Assets.xcassets */ = {isa = PBXFileReference; lastKnownFileType = folder.assetcatalog; path = Assets.xcassets; sourceTree = "<group>"; };
		18EA94FA22C3C51A00095B6A /* Base */ = {isa = PBXFileReference; lastKnownFileType = file.storyboard; name = Base; path = Base.lproj/LaunchScreen.storyboard; sourceTree = "<group>"; };
		18EA94FC22C3C51A00095B6A /* Info.plist */ = {isa = PBXFileReference; lastKnownFileType = text.plist.xml; path = Info.plist; sourceTree = "<group>"; };
		18EA950122C3C51A00095B6A /* finalProjectTests.xctest */ = {isa = PBXFileReference; explicitFileType = wrapper.cfbundle; includeInIndex = 0; path = finalProjectTests.xctest; sourceTree = BUILT_PRODUCTS_DIR; };
		18EA950522C3C51A00095B6A /* finalProjectTests.swift */ = {isa = PBXFileReference; lastKnownFileType = sourcecode.swift; path = finalProjectTests.swift; sourceTree = "<group>"; };
		18EA950722C3C51A00095B6A /* Info.plist */ = {isa = PBXFileReference; lastKnownFileType = text.plist.xml; path = Info.plist; sourceTree = "<group>"; };
		18EA950C22C3C51A00095B6A /* finalProjectUITests.xctest */ = {isa = PBXFileReference; explicitFileType = wrapper.cfbundle; includeInIndex = 0; path = finalProjectUITests.xctest; sourceTree = BUILT_PRODUCTS_DIR; };
		18EA951022C3C51A00095B6A /* finalProjectUITests.swift */ = {isa = PBXFileReference; lastKnownFileType = sourcecode.swift; path = finalProjectUITests.swift; sourceTree = "<group>"; };
		18EA951222C3C51A00095B6A /* Info.plist */ = {isa = PBXFileReference; lastKnownFileType = text.plist.xml; path = Info.plist; sourceTree = "<group>"; };
		18EA952022C5027C00095B6A /* FactViewController.swift */ = {isa = PBXFileReference; lastKnownFileType = sourcecode.swift; path = FactViewController.swift; sourceTree = "<group>"; };
		18EA952422C5048000095B6A /* WebsiteViewController.swift */ = {isa = PBXFileReference; lastKnownFileType = sourcecode.swift; path = WebsiteViewController.swift; sourceTree = "<group>"; };
/* End PBXFileReference section */

/* Begin PBXFrameworksBuildPhase section */
		18EA94E722C3C51900095B6A /* Frameworks */ = {
			isa = PBXFrameworksBuildPhase;
			buildActionMask = 2147483647;
			files = (
			);
			runOnlyForDeploymentPostprocessing = 0;
		};
		18EA94FE22C3C51A00095B6A /* Frameworks */ = {
			isa = PBXFrameworksBuildPhase;
			buildActionMask = 2147483647;
			files = (
			);
			runOnlyForDeploymentPostprocessing = 0;
		};
		18EA950922C3C51A00095B6A /* Frameworks */ = {
			isa = PBXFrameworksBuildPhase;
			buildActionMask = 2147483647;
			files = (
			);
			runOnlyForDeploymentPostprocessing = 0;
		};
/* End PBXFrameworksBuildPhase section */

/* Begin PBXGroup section */
		18EA94E122C3C51900095B6A = {
			isa = PBXGroup;
			children = (
				18EA94EC22C3C51900095B6A /* finalProject */,
				18EA950422C3C51A00095B6A /* finalProjectTests */,
				18EA950F22C3C51A00095B6A /* finalProjectUITests */,
				18EA94EB22C3C51900095B6A /* Products */,
			);
			sourceTree = "<group>";
		};
		18EA94EB22C3C51900095B6A /* Products */ = {
			isa = PBXGroup;
			children = (
				18EA94EA22C3C51900095B6A /* finalProject.app */,
				18EA950122C3C51A00095B6A /* finalProjectTests.xctest */,
				18EA950C22C3C51A00095B6A /* finalProjectUITests.xctest */,
			);
			name = Products;
			sourceTree = "<group>";
		};
		18EA94EC22C3C51900095B6A /* finalProject */ = {
			isa = PBXGroup;
			children = (
				18EA94ED22C3C51900095B6A /* AppDelegate.swift */,
				18EA94EF22C3C51900095B6A /* ViewController.swift */,
				18EA94F122C3C51900095B6A /* Main.storyboard */,
				18EA952022C5027C00095B6A /* FactViewController.swift */,
				18EA952422C5048000095B6A /* WebsiteViewController.swift */,
				18EA94F722C3C51A00095B6A /* Assets.xcassets */,
				18EA94F922C3C51A00095B6A /* LaunchScreen.storyboard */,
				18EA94FC22C3C51A00095B6A /* Info.plist */,
				18EA94F422C3C51900095B6A /* finalProject.xcdatamodeld */,
			);
			path = finalProject;
			sourceTree = "<group>";
		};
		18EA950422C3C51A00095B6A /* finalProjectTests */ = {
			isa = PBXGroup;
			children = (
				18EA950522C3C51A00095B6A /* finalProjectTests.swift */,
				18EA950722C3C51A00095B6A /* Info.plist */,
			);
			path = finalProjectTests;
			sourceTree = "<group>";
		};
		18EA950F22C3C51A00095B6A /* finalProjectUITests */ = {
			isa = PBXGroup;
			children = (
				18EA951022C3C51A00095B6A /* finalProjectUITests.swift */,
				18EA951222C3C51A00095B6A /* Info.plist */,
			);
			path = finalProjectUITests;
			sourceTree = "<group>";
		};
/* End PBXGroup section */

/* Begin PBXNativeTarget section */
		18EA94E922C3C51900095B6A /* finalProject */ = {
			isa = PBXNativeTarget;
			buildConfigurationList = 18EA951522C3C51A00095B6A /* Build configuration list for PBXNativeTarget "finalProject" */;
			buildPhases = (
				18EA94E622C3C51900095B6A /* Sources */,
				18EA94E722C3C51900095B6A /* Frameworks */,
				18EA94E822C3C51900095B6A /* Resources */,
			);
			buildRules = (
			);
			dependencies = (
			);
			name = finalProject;
			productName = finalProject;
			productReference = 18EA94EA22C3C51900095B6A /* finalProject.app */;
			productType = "com.apple.product-type.application";
		};
		18EA950022C3C51A00095B6A /* finalProjectTests */ = {
			isa = PBXNativeTarget;
			buildConfigurationList = 18EA951822C3C51A00095B6A /* Build configuration list for PBXNativeTarget "finalProjectTests" */;
			buildPhases = (
				18EA94FD22C3C51A00095B6A /* Sources */,
				18EA94FE22C3C51A00095B6A /* Frameworks */,
				18EA94FF22C3C51A00095B6A /* Resources */,
			);
			buildRules = (
			);
			dependencies = (
				18EA950322C3C51A00095B6A /* PBXTargetDependency */,
			);
			name = finalProjectTests;
			productName = finalProjectTests;
			productReference = 18EA950122C3C51A00095B6A /* finalProjectTests.xctest */;
			productType = "com.apple.product-type.bundle.unit-test";
		};
		18EA950B22C3C51A00095B6A /* finalProjectUITests */ = {
			isa = PBXNativeTarget;
			buildConfigurationList = 18EA951B22C3C51A00095B6A /* Build configuration list for PBXNativeTarget "finalProjectUITests" */;
			buildPhases = (
				18EA950822C3C51A00095B6A /* Sources */,
				18EA950922C3C51A00095B6A /* Frameworks */,
				18EA950A22C3C51A00095B6A /* Resources */,
			);
			buildRules = (
			);
			dependencies = (
				18EA950E22C3C51A00095B6A /* PBXTargetDependency */,
			);
			name = finalProjectUITests;
			productName = finalProjectUITests;
			productReference = 18EA950C22C3C51A00095B6A /* finalProjectUITests.xctest */;
			productType = "com.apple.product-type.bundle.ui-testing";
		};
/* End PBXNativeTarget section */

/* Begin PBXProject section */
		18EA94E222C3C51900095B6A /* Project object */ = {
			isa = PBXProject;
			attributes = {
				LastSwiftUpdateCheck = 1020;
				LastUpgradeCheck = 1020;
				ORGANIZATIONNAME = Apple;
				TargetAttributes = {
					18EA94E922C3C51900095B6A = {
						CreatedOnToolsVersion = 10.2.1;
					};
					18EA950022C3C51A00095B6A = {
						CreatedOnToolsVersion = 10.2.1;
						TestTargetID = 18EA94E922C3C51900095B6A;
					};
					18EA950B22C3C51A00095B6A = {
						CreatedOnToolsVersion = 10.2.1;
						TestTargetID = 18EA94E922C3C51900095B6A;
					};
				};
			};
			buildConfigurationList = 18EA94E522C3C51900095B6A /* Build configuration list for PBXProject "finalProject" */;
			compatibilityVersion = "Xcode 9.3";
			developmentRegion = en;
			hasScannedForEncodings = 0;
			knownRegions = (
				en,
				Base,
			);
			mainGroup = 18EA94E122C3C51900095B6A;
			productRefGroup = 18EA94EB22C3C51900095B6A /* Products */;
			projectDirPath = "";
			projectRoot = "";
			targets = (
				18EA94E922C3C51900095B6A /* finalProject */,
				18EA950022C3C51A00095B6A /* finalProjectTests */,
				18EA950B22C3C51A00095B6A /* finalProjectUITests */,
			);
		};
/* End PBXProject section */

/* Begin PBXResourcesBuildPhase section */
		18EA94E822C3C51900095B6A /* Resources */ = {
			isa = PBXResourcesBuildPhase;
			buildActionMask = 2147483647;
			files = (
				18EA94FB22C3C51A00095B6A /* LaunchScreen.storyboard in Resources */,
				18EA94F822C3C51A00095B6A /* Assets.xcassets in Resources */,
				18EA94F322C3C51900095B6A /* Main.storyboard in Resources */,
			);
			runOnlyForDeploymentPostprocessing = 0;
		};
		18EA94FF22C3C51A00095B6A /* Resources */ = {
			isa = PBXResourcesBuildPhase;
			buildActionMask = 2147483647;
			files = (
			);
			runOnlyForDeploymentPostprocessing = 0;
		};
		18EA950A22C3C51A00095B6A /* Resources */ = {
			isa = PBXResourcesBuildPhase;
			buildActionMask = 2147483647;
			files = (
			);
			runOnlyForDeploymentPostprocessing = 0;
		};
/* End PBXResourcesBuildPhase section */

/* Begin PBXSourcesBuildPhase section */
		18EA94E622C3C51900095B6A /* Sources */ = {
			isa = PBXSourcesBuildPhase;
			buildActionMask = 2147483647;
			files = (
				18EA952522C5048000095B6A /* WebsiteViewController.swift in Sources */,
				18EA952122C5027C00095B6A /* FactViewController.swift in Sources */,
				18EA94F022C3C51900095B6A /* ViewController.swift in Sources */,
				18EA94F622C3C51900095B6A /* finalProject.xcdatamodeld in Sources */,
				18EA94EE22C3C51900095B6A /* AppDelegate.swift in Sources */,
			);
			runOnlyForDeploymentPostprocessing = 0;
		};
		18EA94FD22C3C51A00095B6A /* Sources */ = {
			isa = PBXSourcesBuildPhase;
			buildActionMask = 2147483647;
			files = (
				18EA950622C3C51A00095B6A /* finalProjectTests.swift in Sources */,
			);
			runOnlyForDeploymentPostprocessing = 0;
		};
		18EA950822C3C51A00095B6A /* Sources */ = {
			isa = PBXSourcesBuildPhase;
			buildActionMask = 2147483647;
			files = (
				18EA951122C3C51A00095B6A /* finalProjectUITests.swift in Sources */,
			);
			runOnlyForDeploymentPostprocessing = 0;
		};
/* End PBXSourcesBuildPhase section */

/* Begin PBXTargetDependency section */
		18EA950322C3C51A00095B6A /* PBXTargetDependency */ = {
			isa = PBXTargetDependency;
			target = 18EA94E922C3C51900095B6A /* finalProject */;
			targetProxy = 18EA950222C3C51A00095B6A /* PBXContainerItemProxy */;
		};
		18EA950E22C3C51A00095B6A /* PBXTargetDependency */ = {
			isa = PBXTargetDependency;
			target = 18EA94E922C3C51900095B6A /* finalProject */;
			targetProxy = 18EA950D22C3C51A00095B6A /* PBXContainerItemProxy */;
		};
/* End PBXTargetDependency section */

/* Begin PBXVariantGroup section */
		18EA94F122C3C51900095B6A /* Main.storyboard */ = {
			isa = PBXVariantGroup;
			children = (
				18EA94F222C3C51900095B6A /* Base */,
			);
			name = Main.storyboard;
			sourceTree = "<group>";
		};
		18EA94F922C3C51A00095B6A /* LaunchScreen.storyboard */ = {
			isa = PBXVariantGroup;
			children = (
				18EA94FA22C3C51A00095B6A /* Base */,
			);
			name = LaunchScreen.storyboard;
			sourceTree = "<group>";
		};
/* End PBXVariantGroup section */

/* Begin XCBuildConfiguration section */
		18EA951322C3C51A00095B6A /* Debug */ = {
			isa = XCBuildConfiguration;
			buildSettings = {
				ALWAYS_SEARCH_USER_PATHS = NO;
				CLANG_ANALYZER_NONNULL = YES;
				CLANG_ANALYZER_NUMBER_OBJECT_CONVERSION = YES_AGGRESSIVE;
				CLANG_CXX_LANGUAGE_STANDARD = "gnu++14";
				CLANG_CXX_LIBRARY = "libc++";
				CLANG_ENABLE_MODULES = YES;
				CLANG_ENABLE_OBJC_ARC = YES;
				CLANG_ENABLE_OBJC_WEAK = YES;
				CLANG_WARN_BLOCK_CAPTURE_AUTORELEASING = YES;
				CLANG_WARN_BOOL_CONVERSION = YES;
				CLANG_WARN_COMMA = YES;
				CLANG_WARN_CONSTANT_CONVERSION = YES;
				CLANG_WARN_DEPRECATED_OBJC_IMPLEMENTATIONS = YES;
				CLANG_WARN_DIRECT_OBJC_ISA_USAGE = YES_ERROR;
				CLANG_WARN_DOCUMENTATION_COMMENTS = YES;
				CLANG_WARN_EMPTY_BODY = YES;
				CLANG_WARN_ENUM_CONVERSION = YES;
				CLANG_WARN_INFINITE_RECURSION = YES;
				CLANG_WARN_INT_CONVERSION = YES;
				CLANG_WARN_NON_LITERAL_NULL_CONVERSION = YES;
				CLANG_WARN_OBJC_IMPLICIT_RETAIN_SELF = YES;
				CLANG_WARN_OBJC_LITERAL_CONVERSION = YES;
				CLANG_WARN_OBJC_ROOT_CLASS = YES_ERROR;
				CLANG_WARN_RANGE_LOOP_ANALYSIS = YES;
				CLANG_WARN_STRICT_PROTOTYPES = YES;
				CLANG_WARN_SUSPICIOUS_MOVE = YES;
				CLANG_WARN_UNGUARDED_AVAILABILITY = YES_AGGRESSIVE;
				CLANG_WARN_UNREACHABLE_CODE = YES;
				CLANG_WARN__DUPLICATE_METHOD_MATCH = YES;
				CODE_SIGN_IDENTITY = "iPhone Developer";
				COPY_PHASE_STRIP = NO;
				DEBUG_INFORMATION_FORMAT = dwarf;
				ENABLE_STRICT_OBJC_MSGSEND = YES;
				ENABLE_TESTABILITY = YES;
				GCC_C_LANGUAGE_STANDARD = gnu11;
				GCC_DYNAMIC_NO_PIC = NO;
				GCC_NO_COMMON_BLOCKS = YES;
				GCC_OPTIMIZATION_LEVEL = 0;
				GCC_PREPROCESSOR_DEFINITIONS = (
					"DEBUG=1",
					"$(inherited)",
				);
				GCC_WARN_64_TO_32_BIT_CONVERSION = YES;
				GCC_WARN_ABOUT_RETURN_TYPE = YES_ERROR;
				GCC_WARN_UNDECLARED_SELECTOR = YES;
				GCC_WARN_UNINITIALIZED_AUTOS = YES_AGGRESSIVE;
				GCC_WARN_UNUSED_FUNCTION = YES;
				GCC_WARN_UNUSED_VARIABLE = YES;
				IPHONEOS_DEPLOYMENT_TARGET = 12.2;
				MTL_ENABLE_DEBUG_INFO = INCLUDE_SOURCE;
				MTL_FAST_MATH = YES;
				ONLY_ACTIVE_ARCH = YES;
				SDKROOT = iphoneos;
				SWIFT_ACTIVE_COMPILATION_CONDITIONS = DEBUG;
				SWIFT_OPTIMIZATION_LEVEL = "-Onone";
			};
			name = Debug;
		};
		18EA951422C3C51A00095B6A /* Release */ = {
			isa = XCBuildConfiguration;
			buildSettings = {
				ALWAYS_SEARCH_USER_PATHS = NO;
				CLANG_ANALYZER_NONNULL = YES;
				CLANG_ANALYZER_NUMBER_OBJECT_CONVERSION = YES_AGGRESSIVE;
				CLANG_CXX_LANGUAGE_STANDARD = "gnu++14";
				CLANG_CXX_LIBRARY = "libc++";
				CLANG_ENABLE_MODULES = YES;
				CLANG_ENABLE_OBJC_ARC = YES;
				CLANG_ENABLE_OBJC_WEAK = YES;
				CLANG_WARN_BLOCK_CAPTURE_AUTORELEASING = YES;
				CLANG_WARN_BOOL_CONVERSION = YES;
				CLANG_WARN_COMMA = YES;
				CLANG_WARN_CONSTANT_CONVERSION = YES;
				CLANG_WARN_DEPRECATED_OBJC_IMPLEMENTATIONS = YES;
				CLANG_WARN_DIRECT_OBJC_ISA_USAGE = YES_ERROR;
				CLANG_WARN_DOCUMENTATION_COMMENTS = YES;
				CLANG_WARN_EMPTY_BODY = YES;
				CLANG_WARN_ENUM_CONVERSION = YES;
				CLANG_WARN_INFINITE_RECURSION = YES;
				CLANG_WARN_INT_CONVERSION = YES;
				CLANG_WARN_NON_LITERAL_NULL_CONVERSION = YES;
				CLANG_WARN_OBJC_IMPLICIT_RETAIN_SELF = YES;
				CLANG_WARN_OBJC_LITERAL_CONVERSION = YES;
				CLANG_WARN_OBJC_ROOT_CLASS = YES_ERROR;
				CLANG_WARN_RANGE_LOOP_ANALYSIS = YES;
				CLANG_WARN_STRICT_PROTOTYPES = YES;
				CLANG_WARN_SUSPICIOUS_MOVE = YES;
				CLANG_WARN_UNGUARDED_AVAILABILITY = YES_AGGRESSIVE;
				CLANG_WARN_UNREACHABLE_CODE = YES;
				CLANG_WARN__DUPLICATE_METHOD_MATCH = YES;
				CODE_SIGN_IDENTITY = "iPhone Developer";
				COPY_PHASE_STRIP = NO;
				DEBUG_INFORMATION_FORMAT = "dwarf-with-dsym";
				ENABLE_NS_ASSERTIONS = NO;
				ENABLE_STRICT_OBJC_MSGSEND = YES;
				GCC_C_LANGUAGE_STANDARD = gnu11;
				GCC_NO_COMMON_BLOCKS = YES;
				GCC_WARN_64_TO_32_BIT_CONVERSION = YES;
				GCC_WARN_ABOUT_RETURN_TYPE = YES_ERROR;
				GCC_WARN_UNDECLARED_SELECTOR = YES;
				GCC_WARN_UNINITIALIZED_AUTOS = YES_AGGRESSIVE;
				GCC_WARN_UNUSED_FUNCTION = YES;
				GCC_WARN_UNUSED_VARIABLE = YES;
				IPHONEOS_DEPLOYMENT_TARGET = 12.2;
				MTL_ENABLE_DEBUG_INFO = NO;
				MTL_FAST_MATH = YES;
				SDKROOT = iphoneos;
				SWIFT_COMPILATION_MODE = wholemodule;
				SWIFT_OPTIMIZATION_LEVEL = "-O";
				VALIDATE_PRODUCT = YES;
			};
			name = Release;
		};
		18EA951622C3C51A00095B6A /* Debug */ = {
			isa = XCBuildConfiguration;
			buildSettings = {
				ASSETCATALOG_COMPILER_APPICON_NAME = AppIcon;
				CODE_SIGN_STYLE = Automatic;
				DEVELOPMENT_TEAM = 3256KY6UX2;
				INFOPLIST_FILE = finalProject/Info.plist;
				LD_RUNPATH_SEARCH_PATHS = (
					"$(inherited)",
					"@executable_path/Frameworks",
				);
				PRODUCT_BUNDLE_IDENTIFIER = "NomundariSukh-RahimaAdnan.finalProject";
				PRODUCT_NAME = "$(TARGET_NAME)";
				SWIFT_VERSION = 5.0;
				TARGETED_DEVICE_FAMILY = "1,2";
			};
			name = Debug;
		};
		18EA951722C3C51A00095B6A /* Release */ = {
			isa = XCBuildConfiguration;
			buildSettings = {
				ASSETCATALOG_COMPILER_APPICON_NAME = AppIcon;
				CODE_SIGN_STYLE = Automatic;
				DEVELOPMENT_TEAM = 3256KY6UX2;
				INFOPLIST_FILE = finalProject/Info.plist;
				LD_RUNPATH_SEARCH_PATHS = (
					"$(inherited)",
					"@executable_path/Frameworks",
				);
				PRODUCT_BUNDLE_IDENTIFIER = "NomundariSukh-RahimaAdnan.finalProject";
				PRODUCT_NAME = "$(TARGET_NAME)";
				SWIFT_VERSION = 5.0;
				TARGETED_DEVICE_FAMILY = "1,2";
			};
			name = Release;
		};
		18EA951922C3C51A00095B6A /* Debug */ = {
			isa = XCBuildConfiguration;
			buildSettings = {
				ALWAYS_EMBED_SWIFT_STANDARD_LIBRARIES = YES;
				BUNDLE_LOADER = "$(TEST_HOST)";
				CODE_SIGN_STYLE = Automatic;
				DEVELOPMENT_TEAM = 3256KY6UX2;
				INFOPLIST_FILE = finalProjectTests/Info.plist;
				LD_RUNPATH_SEARCH_PATHS = (
					"$(inherited)",
					"@executable_path/Frameworks",
					"@loader_path/Frameworks",
				);
				PRODUCT_BUNDLE_IDENTIFIER = "NomundariSukh-RahimaAdnan.finalProjectTests";
				PRODUCT_NAME = "$(TARGET_NAME)";
				SWIFT_VERSION = 5.0;
				TARGETED_DEVICE_FAMILY = "1,2";
				TEST_HOST = "$(BUILT_PRODUCTS_DIR)/finalProject.app/finalProject";
			};
			name = Debug;
		};
		18EA951A22C3C51A00095B6A /* Release */ = {
			isa = XCBuildConfiguration;
			buildSettings = {
				ALWAYS_EMBED_SWIFT_STANDARD_LIBRARIES = YES;
				BUNDLE_LOADER = "$(TEST_HOST)";
				CODE_SIGN_STYLE = Automatic;
				DEVELOPMENT_TEAM = 3256KY6UX2;
				INFOPLIST_FILE = finalProjectTests/Info.plist;
				LD_RUNPATH_SEARCH_PATHS = (
					"$(inherited)",
					"@executable_path/Frameworks",
					"@loader_path/Frameworks",
				);
				PRODUCT_BUNDLE_IDENTIFIER = "NomundariSukh-RahimaAdnan.finalProjectTests";
				PRODUCT_NAME = "$(TARGET_NAME)";
				SWIFT_VERSION = 5.0;
				TARGETED_DEVICE_FAMILY = "1,2";
				TEST_HOST = "$(BUILT_PRODUCTS_DIR)/finalProject.app/finalProject";
			};
			name = Release;
		};
		18EA951C22C3C51A00095B6A /* Debug */ = {
			isa = XCBuildConfiguration;
			buildSettings = {
				ALWAYS_EMBED_SWIFT_STANDARD_LIBRARIES = YES;
				CODE_SIGN_STYLE = Automatic;
				DEVELOPMENT_TEAM = 3256KY6UX2;
				INFOPLIST_FILE = finalProjectUITests/Info.plist;
				LD_RUNPATH_SEARCH_PATHS = (
					"$(inherited)",
					"@executable_path/Frameworks",
					"@loader_path/Frameworks",
				);
				PRODUCT_BUNDLE_IDENTIFIER = "NomundariSukh-RahimaAdnan.finalProjectUITests";
				PRODUCT_NAME = "$(TARGET_NAME)";
				SWIFT_VERSION = 5.0;
				TARGETED_DEVICE_FAMILY = "1,2";
				TEST_TARGET_NAME = finalProject;
			};
			name = Debug;
		};
		18EA951D22C3C51A00095B6A /* Release */ = {
			isa = XCBuildConfiguration;
			buildSettings = {
				ALWAYS_EMBED_SWIFT_STANDARD_LIBRARIES = YES;
				CODE_SIGN_STYLE = Automatic;
				DEVELOPMENT_TEAM = 3256KY6UX2;
				INFOPLIST_FILE = finalProjectUITests/Info.plist;
				LD_RUNPATH_SEARCH_PATHS = (
					"$(inherited)",
					"@executable_path/Frameworks",
					"@loader_path/Frameworks",
				);
				PRODUCT_BUNDLE_IDENTIFIER = "NomundariSukh-RahimaAdnan.finalProjectUITests";
				PRODUCT_NAME = "$(TARGET_NAME)";
				SWIFT_VERSION = 5.0;
				TARGETED_DEVICE_FAMILY = "1,2";
				TEST_TARGET_NAME = finalProject;
			};
			name = Release;
		};
/* End XCBuildConfiguration section */

/* Begin XCConfigurationList section */
		18EA94E522C3C51900095B6A /* Build configuration list for PBXProject "finalProject" */ = {
			isa = XCConfigurationList;
			buildConfigurations = (
				18EA951322C3C51A00095B6A /* Debug */,
				18EA951422C3C51A00095B6A /* Release */,
			);
			defaultConfigurationIsVisible = 0;
			defaultConfigurationName = Release;
		};
		18EA951522C3C51A00095B6A /* Build configuration list for PBXNativeTarget "finalProject" */ = {
			isa = XCConfigurationList;
			buildConfigurations = (
				18EA951622C3C51A00095B6A /* Debug */,
				18EA951722C3C51A00095B6A /* Release */,
			);
			defaultConfigurationIsVisible = 0;
			defaultConfigurationName = Release;
		};
		18EA951822C3C51A00095B6A /* Build configuration list for PBXNativeTarget "finalProjectTests" */ = {
			isa = XCConfigurationList;
			buildConfigurations = (
				18EA951922C3C51A00095B6A /* Debug */,
				18EA951A22C3C51A00095B6A /* Release */,
			);
			defaultConfigurationIsVisible = 0;
			defaultConfigurationName = Release;
		};
		18EA951B22C3C51A00095B6A /* Build configuration list for PBXNativeTarget "finalProjectUITests" */ = {
			isa = XCConfigurationList;
			buildConfigurations = (
				18EA951C22C3C51A00095B6A /* Debug */,
				18EA951D22C3C51A00095B6A /* Release */,
			);
			defaultConfigurationIsVisible = 0;
			defaultConfigurationName = Release;
		};
/* End XCConfigurationList section */

/* Begin XCVersionGroup section */
		18EA94F422C3C51900095B6A /* finalProject.xcdatamodeld */ = {
			isa = XCVersionGroup;
			children = (
				18EA94F522C3C51900095B6A /* finalProject.xcdatamodel */,
			);
			currentVersion = 18EA94F522C3C51900095B6A /* finalProject.xcdatamodel */;
			path = finalProject.xcdatamodeld;
			sourceTree = "<group>";
			versionGroupType = wrapper.xcdatamodel;
		};
/* End XCVersionGroup section */
	};
	rootObject = 18EA94E222C3C51900095B6A /* Project object */;
}
